
Microsoft Visual Studio Solution File, Format Version 12.00
# Visual Studio Version 17
VisualStudioVersion = 17.14.36327.8 d17.14
MinimumVisualStudioVersion = 10.0.40219.1
Project("{FAE04EC0-301F-11D3-BF4B-00C04F79EFBC}") = "CapturingInventoryRecords", "CapturingInventoryRecords.csproj", "{63854D43-9499-4EBE-97B3-9706203D7A5B}"
EndProject
Global
	GlobalSection(SolutionConfigurationPlatforms) = preSolution
		Debug|Any CPU = Debug|Any CPU
		Release|Any CPU = Release|Any CPU
	EndGlobalSection
	GlobalSection(ProjectConfigurationPlatforms) = postSolution
		{63854D43-9499-4EBE-97B3-9706203D7A5B}.Debug|Any CPU.ActiveCfg = Debug|Any CPU
		{63854D43-9499-4EBE-97B3-9706203D7A5B}.Debug|Any CPU.Build.0 = Debug|Any CPU
		{63854D43-9499-4EBE-97B3-9706203D7A5B}.Release|Any CPU.ActiveCfg = Release|Any CPU
		{63854D43-9499-4EBE-97B3-9706203D7A5B}.Release|Any CPU.Build.0 = Release|Any CPU
	EndGlobalSection
	GlobalSection(SolutionProperties) = preSolution
		HideSolutionNode = FALSE
	EndGlobalSection
	GlobalSection(ExtensibilityGlobals) = postSolution
		SolutionGuid = {862174C7-0C5C-4CA1-87C4-2F6605E030A9}
	EndGlobalSection
EndGlobal
